
Microsoft Visual Studio Solution File, Format Version 12.00
# Visual Studio Version 16
VisualStudioVersion = 16.0.30002.166
MinimumVisualStudioVersion = 10.0.40219.1
Project("{FAE04EC0-301F-11D3-BF4B-00C04F79EFBC}") = "HackerRank", "HackerRank.csproj", "{AB1BDB36-D468-4157-B1A1-458D0F7DE3DC}"
EndProject
Global
	GlobalSection(SolutionConfigurationPlatforms) = preSolution
		Debug|Any CPU = Debug|Any CPU
		Release|Any CPU = Release|Any CPU
	EndGlobalSection
	GlobalSection(ProjectConfigurationPlatforms) = postSolution
		{AB1BDB36-D468-4157-B1A1-458D0F7DE3DC}.Debug|Any CPU.ActiveCfg = Debug|Any CPU
		{AB1BDB36-D468-4157-B1A1-458D0F7DE3DC}.Debug|Any CPU.Build.0 = Debug|Any CPU
		{AB1BDB36-D468-4157-B1A1-458D0F7DE3DC}.Release|Any CPU.ActiveCfg = Release|Any CPU
		{AB1BDB36-D468-4157-B1A1-458D0F7DE3DC}.Release|Any CPU.Build.0 = Release|Any CPU
	EndGlobalSection
	GlobalSection(SolutionProperties) = preSolution
		HideSolutionNode = FALSE
	EndGlobalSection
	GlobalSection(ExtensibilityGlobals) = postSolution
		SolutionGuid = {CD8A2163-077B-4A47-B748-531A9970B209}
	EndGlobalSection
EndGlobal
